
Microsoft Visual Studio Solution File, Format Version 12.00
# Visual Studio 15
VisualStudioVersion = 15.0.27703.2035
MinimumVisualStudioVersion = 10.0.40219.1
Project("{FAE04EC0-301F-11D3-BF4B-00C04F79EFBC}") = "Pomodoro.Android", "Pomodoro\Pomodoro.Android\Pomodoro.Android.csproj", "{0F954C7E-3CF3-4B6E-87E0-F21617A555C2}"
EndProject
Project("{9A19103F-16F7-4668-BE54-9A1E7A4F7556}") = "Pomodoro", "Pomodoro\Pomodoro\Pomodoro.csproj", "{1450BD1F-1D89-44DC-9D73-74ED68756B4B}"
EndProject
Project("{FAE04EC0-301F-11D3-BF4B-00C04F79EFBC}") = "Pomodoro.iOS", "Pomodoro.iOS\Pomodoro.iOS.csproj", "{80A96B52-6758-4BDB-B0B4-CEA4CA155C60}"
EndProject
Global
	GlobalSection(SolutionConfigurationPlatforms) = preSolution
		Ad-Hoc|Any CPU = Ad-Hoc|Any CPU
		Ad-Hoc|iPhone = Ad-Hoc|iPhone
		Ad-Hoc|iPhoneSimulator = Ad-Hoc|iPhoneSimulator
		AppStore|Any CPU = AppStore|Any CPU
		AppStore|iPhone = AppStore|iPhone
		AppStore|iPhoneSimulator = AppStore|iPhoneSimulator
		Debug|Any CPU = Debug|Any CPU
		Debug|iPhone = Debug|iPhone
		Debug|iPhoneSimulator = Debug|iPhoneSimulator
		Release|Any CPU = Release|Any CPU
		Release|iPhone = Release|iPhone
		Release|iPhoneSimulator = Release|iPhoneSimulator
	EndGlobalSection
	GlobalSection(ProjectConfigurationPlatforms) = postSolution
		{0F954C7E-3CF3-4B6E-87E0-F21617A555C2}.Ad-Hoc|Any CPU.ActiveCfg = Release|Any CPU
		{0F954C7E-3CF3-4B6E-87E0-F21617A555C2}.Ad-Hoc|Any CPU.Build.0 = Release|Any CPU
		{0F954C7E-3CF3-4B6E-87E0-F21617A555C2}.Ad-Hoc|Any CPU.Deploy.0 = Release|Any CPU
		{0F954C7E-3CF3-4B6E-87E0-F21617A555C2}.Ad-Hoc|iPhone.ActiveCfg = Release|Any CPU
		{0F954C7E-3CF3-4B6E-87E0-F21617A555C2}.Ad-Hoc|iPhone.Build.0 = Release|Any CPU
		{0F954C7E-3CF3-4B6E-87E0-F21617A555C2}.Ad-Hoc|iPhone.Deploy.0 = Release|Any CPU
		{0F954C7E-3CF3-4B6E-87E0-F21617A555C2}.Ad-Hoc|iPhoneSimulator.ActiveCfg = Release|Any CPU
		{0F954C7E-3CF3-4B6E-87E0-F21617A555C2}.Ad-Hoc|iPhoneSimulator.Build.0 = Release|Any CPU
		{0F954C7E-3CF3-4B6E-87E0-F21617A555C2}.Ad-Hoc|iPhoneSimulator.Deploy.0 = Release|Any CPU
		{0F954C7E-3CF3-4B6E-87E0-F21617A555C2}.AppStore|Any CPU.ActiveCfg = Release|Any CPU
		{0F954C7E-3CF3-4B6E-87E0-F21617A555C2}.AppStore|Any CPU.Build.0 = Release|Any CPU
		{0F954C7E-3CF3-4B6E-87E0-F21617A555C2}.AppStore|Any CPU.Deploy.0 = Release|Any CPU
		{0F954C7E-3CF3-4B6E-87E0-F21617A555C2}.AppStore|iPhone.ActiveCfg = Release|Any CPU
		{0F954C7E-3CF3-4B6E-87E0-F21617A555C2}.AppStore|iPhone.Build.0 = Release|Any CPU
		{0F954C7E-3CF3-4B6E-87E0-F21617A555C2}.AppStore|iPhone.Deploy.0 = Release|Any CPU
		{0F954C7E-3CF3-4B6E-87E0-F21617A555C2}.AppStore|iPhoneSimulator.ActiveCfg = Release|Any CPU
		{0F954C7E-3CF3-4B6E-87E0-F21617A555C2}.AppStore|iPhoneSimulator.Build.0 = Release|Any CPU
		{0F954C7E-3CF3-4B6E-87E0-F21617A555C2}.AppStore|iPhoneSimulator.Deploy.0 = Release|Any CPU
		{0F954C7E-3CF3-4B6E-87E0-F21617A555C2}.Debug|Any CPU.ActiveCfg = Debug|Any CPU
		{0F954C7E-3CF3-4B6E-87E0-F21617A555C2}.Debug|Any CPU.Build.0 = Debug|Any CPU
		{0F954C7E-3CF3-4B6E-87E0-F21617A555C2}.Debug|Any CPU.Deploy.0 = Debug|Any CPU
		{0F954C7E-3CF3-4B6E-87E0-F21617A555C2}.Debug|iPhone.ActiveCfg = Debug|Any CPU
		{0F954C7E-3CF3-4B6E-87E0-F21617A555C2}.Debug|iPhone.Build.0 = Debug|Any CPU
		{0F954C7E-3CF3-4B6E-87E0-F21617A555C2}.Debug|iPhone.Deploy.0 = Debug|Any CPU
		{0F954C7E-3CF3-4B6E-87E0-F21617A555C2}.Debug|iPhoneSimulator.ActiveCfg = Debug|Any CPU
		{0F954C7E-3CF3-4B6E-87E0-F21617A555C2}.Debug|iPhoneSimulator.Build.0 = Debug|Any CPU
		{0F954C7E-3CF3-4B6E-87E0-F21617A555C2}.Debug|iPhoneSimulator.Deploy.0 = Debug|Any CPU
		{0F954C7E-3CF3-4B6E-87E0-F21617A555C2}.Release|Any CPU.ActiveCfg = Release|Any CPU
		{0F954C7E-3CF3-4B6E-87E0-F21617A555C2}.Release|Any CPU.Build.0 = Release|Any CPU
		{0F954C7E-3CF3-4B6E-87E0-F21617A555C2}.Release|Any CPU.Deploy.0 = Release|Any CPU
		{0F954C7E-3CF3-4B6E-87E0-F21617A555C2}.Release|iPhone.ActiveCfg = Release|Any CPU
		{0F954C7E-3CF3-4B6E-87E0-F21617A555C2}.Release|iPhone.Build.0 = Release|Any CPU
		{0F954C7E-3CF3-4B6E-87E0-F21617A555C2}.Release|iPhone.Deploy.0 = Release|Any CPU
		{0F954C7E-3CF3-4B6E-87E0-F21617A555C2}.Release|iPhoneSimulator.ActiveCfg = Release|Any CPU
		{0F954C7E-3CF3-4B6E-87E0-F21617A555C2}.Release|iPhoneSimulator.Build.0 = Release|Any CPU
		{0F954C7E-3CF3-4B6E-87E0-F21617A555C2}.Release|iPhoneSimulator.Deploy.0 = Release|Any CPU
		{1450BD1F-1D89-44DC-9D73-74ED68756B4B}.Ad-Hoc|Any CPU.ActiveCfg = Release|Any CPU
		{1450BD1F-1D89-44DC-9D73-74ED68756B4B}.Ad-Hoc|Any CPU.Build.0 = Release|Any CPU
		{1450BD1F-1D89-44DC-9D73-74ED68756B4B}.Ad-Hoc|iPhone.ActiveCfg = Release|Any CPU
		{1450BD1F-1D89-44DC-9D73-74ED68756B4B}.Ad-Hoc|iPhone.Build.0 = Release|Any CPU
		{1450BD1F-1D89-44DC-9D73-74ED68756B4B}.Ad-Hoc|iPhoneSimulator.ActiveCfg = Release|Any CPU
		{1450BD1F-1D89-44DC-9D73-74ED68756B4B}.Ad-Hoc|iPhoneSimulator.Build.0 = Release|Any CPU
		{1450BD1F-1D89-44DC-9D73-74ED68756B4B}.AppStore|Any CPU.ActiveCfg = Release|Any CPU
		{1450BD1F-1D89-44DC-9D73-74ED68756B4B}.AppStore|Any CPU.Build.0 = Release|Any CPU
		{1450BD1F-1D89-44DC-9D73-74ED68756B4B}.AppStore|iPhone.ActiveCfg = Release|Any CPU
		{1450BD1F-1D89-44DC-9D73-74ED68756B4B}.AppStore|iPhone.Build.0 = Release|Any CPU
		{1450BD1F-1D89-44DC-9D73-74ED68756B4B}.AppStore|iPhoneSimulator.ActiveCfg = Release|Any CPU
		{1450BD1F-1D89-44DC-9D73-74ED68756B4B}.AppStore|iPhoneSimulator.Build.0 = Release|Any CPU
		{1450BD1F-1D89-44DC-9D73-74ED68756B4B}.Debug|Any CPU.ActiveCfg = Debug|Any CPU
		{1450BD1F-1D89-44DC-9D73-74ED68756B4B}.Debug|Any CPU.Build.0 = Debug|Any CPU
		{1450BD1F-1D89-44DC-9D73-74ED68756B4B}.Debug|Any CPU.Deploy.0 = Debug|Any CPU
		{1450BD1F-1D89-44DC-9D73-74ED68756B4B}.Debug|iPhone.ActiveCfg = Debug|Any CPU
		{1450BD1F-1D89-44DC-9D73-74ED68756B4B}.Debug|iPhone.Build.0 = Debug|Any CPU
		{1450BD1F-1D89-44DC-9D73-74ED68756B4B}.Debug|iPhoneSimulator.ActiveCfg = Debug|Any CPU
		{1450BD1F-1D89-44DC-9D73-74ED68756B4B}.Debug|iPhoneSimulator.Build.0 = Debug|Any CPU
		{1450BD1F-1D89-44DC-9D73-74ED68756B4B}.Release|Any CPU.ActiveCfg = Release|Any CPU
		{1450BD1F-1D89-44DC-9D73-74ED68756B4B}.Release|Any CPU.Build.0 = Release|Any CPU
		{1450BD1F-1D89-44DC-9D73-74ED68756B4B}.Release|Any CPU.Deploy.0 = Release|Any CPU
		{1450BD1F-1D89-44DC-9D73-74ED68756B4B}.Release|iPhone.ActiveCfg = Release|Any CPU
		{1450BD1F-1D89-44DC-9D73-74ED68756B4B}.Release|iPhone.Build.0 = Release|Any CPU
		{1450BD1F-1D89-44DC-9D73-74ED68756B4B}.Release|iPhoneSimulator.ActiveCfg = Release|Any CPU
		{1450BD1F-1D89-44DC-9D73-74ED68756B4B}.Release|iPhoneSimulator.Build.0 = Release|Any CPU
		{80A96B52-6758-4BDB-B0B4-CEA4CA155C60}.Ad-Hoc|Any CPU.ActiveCfg = Release|iPhone
		{80A96B52-6758-4BDB-B0B4-CEA4CA155C60}.Ad-Hoc|Any CPU.Build.0 = Release|iPhone
		{80A96B52-6758-4BDB-B0B4-CEA4CA155C60}.Ad-Hoc|iPhone.ActiveCfg = Release|iPhone
		{80A96B52-6758-4BDB-B0B4-CEA4CA155C60}.Ad-Hoc|iPhone.Build.0 = Release|iPhone
		{80A96B52-6758-4BDB-B0B4-CEA4CA155C60}.Ad-Hoc|iPhoneSimulator.ActiveCfg = Release|iPhoneSimulator
		{80A96B52-6758-4BDB-B0B4-CEA4CA155C60}.Ad-Hoc|iPhoneSimulator.Build.0 = Release|iPhoneSimulator
		{80A96B52-6758-4BDB-B0B4-CEA4CA155C60}.AppStore|Any CPU.ActiveCfg = Release|iPhone
		{80A96B52-6758-4BDB-B0B4-CEA4CA155C60}.AppStore|Any CPU.Build.0 = Release|iPhone
		{80A96B52-6758-4BDB-B0B4-CEA4CA155C60}.AppStore|iPhone.ActiveCfg = Release|iPhone
		{80A96B52-6758-4BDB-B0B4-CEA4CA155C60}.AppStore|iPhone.Build.0 = Release|iPhone
		{80A96B52-6758-4BDB-B0B4-CEA4CA155C60}.AppStore|iPhoneSimulator.ActiveCfg = Release|iPhoneSimulator
		{80A96B52-6758-4BDB-B0B4-CEA4CA155C60}.AppStore|iPhoneSimulator.Build.0 = Release|iPhoneSimulator
		{80A96B52-6758-4BDB-B0B4-CEA4CA155C60}.Debug|Any CPU.ActiveCfg = Debug|iPhone
		{80A96B52-6758-4BDB-B0B4-CEA4CA155C60}.Debug|iPhone.ActiveCfg = Debug|iPhone
		{80A96B52-6758-4BDB-B0B4-CEA4CA155C60}.Debug|iPhone.Build.0 = Debug|iPhone
		{80A96B52-6758-4BDB-B0B4-CEA4CA155C60}.Debug|iPhoneSimulator.ActiveCfg = Debug|iPhoneSimulator
		{80A96B52-6758-4BDB-B0B4-CEA4CA155C60}.Debug|iPhoneSimulator.Build.0 = Debug|iPhoneSimulator
		{80A96B52-6758-4BDB-B0B4-CEA4CA155C60}.Release|Any CPU.ActiveCfg = Release|iPhone
		{80A96B52-6758-4BDB-B0B4-CEA4CA155C60}.Release|iPhone.ActiveCfg = Release|iPhone
		{80A96B52-6758-4BDB-B0B4-CEA4CA155C60}.Release|iPhone.Build.0 = Release|iPhone
		{80A96B52-6758-4BDB-B0B4-CEA4CA155C60}.Release|iPhoneSimulator.ActiveCfg = Release|iPhoneSimulator
		{80A96B52-6758-4BDB-B0B4-CEA4CA155C60}.Release|iPhoneSimulator.Build.0 = Release|iPhoneSimulator
	EndGlobalSection
	GlobalSection(SolutionProperties) = preSolution
		HideSolutionNode = FALSE
	EndGlobalSection
	GlobalSection(ExtensibilityGlobals) = postSolution
		SolutionGuid = {78F289D2-5FDD-465A-870C-25734A2FE078}
	EndGlobalSection
EndGlobal
